
Microsoft Visual Studio Solution File, Format Version 12.00
# Visual Studio Version 17
VisualStudioVersion = 17.13.35931.197 d17.13
MinimumVisualStudioVersion = 10.0.40219.1
Project("{FAE04EC0-301F-11D3-BF4B-00C04F79EFBC}") = "SignValidateTool", "SignValidateTool.csproj", "{32F7D402-3D55-45EF-90CD-208366C9E30F}"
EndProject
Global
	GlobalSection(SolutionConfigurationPlatforms) = preSolution
		Debug|Any CPU = Debug|Any CPU
		Release|Any CPU = Release|Any CPU
	EndGlobalSection
	GlobalSection(ProjectConfigurationPlatforms) = postSolution
		{32F7D402-3D55-45EF-90CD-208366C9E30F}.Debug|Any CPU.ActiveCfg = Debug|Any CPU
		{32F7D402-3D55-45EF-90CD-208366C9E30F}.Debug|Any CPU.Build.0 = Debug|Any CPU
		{32F7D402-3D55-45EF-90CD-208366C9E30F}.Release|Any CPU.ActiveCfg = Release|Any CPU
		{32F7D402-3D55-45EF-90CD-208366C9E30F}.Release|Any CPU.Build.0 = Release|Any CPU
	EndGlobalSection
	GlobalSection(SolutionProperties) = preSolution
		HideSolutionNode = FALSE
	EndGlobalSection
	GlobalSection(ExtensibilityGlobals) = postSolution
		SolutionGuid = {54B8C97F-8218-4464-8BA4-A5A83A5057AE}
	EndGlobalSection
EndGlobal
